
Microsoft Visual Studio Solution File, Format Version 12.00
# Visual Studio Version 17
VisualStudioVersion = 17.0.31903.59
MinimumVisualStudioVersion = 10.0.40219.1
Project("{2150E333-8FDC-42A3-9474-1A3956D46DE8}") = "src", "src", "{F3E40FA9-46FD-4636-B9E5-0A32C6CF0FCC}"
EndProject
Project("{FAE04EC0-301F-11D3-BF4B-00C04F79EFBC}") = "KuliJob", "src\KuliJob\KuliJob.csproj", "{09705100-0D4B-4923-B196-E018B4899C83}"
EndProject
Project("{FAE04EC0-301F-11D3-BF4B-00C04F79EFBC}") = "KuliJob.Tests", "src\KuliJob.Tests\KuliJob.Tests.csproj", "{419E3CD2-C4FF-40A4-803F-4441087E8C92}"
EndProject
Project("{FAE04EC0-301F-11D3-BF4B-00C04F79EFBC}") = "KuliJobWeb", "src\KuliJobWeb\KuliJobWeb.csproj", "{4055FDCB-8DDB-4BAA-8862-67057EEE3A18}"
EndProject
Global
	GlobalSection(SolutionConfigurationPlatforms) = preSolution
		Debug|Any CPU = Debug|Any CPU
		Release|Any CPU = Release|Any CPU
	EndGlobalSection
	GlobalSection(SolutionProperties) = preSolution
		HideSolutionNode = FALSE
	EndGlobalSection
	GlobalSection(ProjectConfigurationPlatforms) = postSolution
		{09705100-0D4B-4923-B196-E018B4899C83}.Debug|Any CPU.ActiveCfg = Debug|Any CPU
		{09705100-0D4B-4923-B196-E018B4899C83}.Debug|Any CPU.Build.0 = Debug|Any CPU
		{09705100-0D4B-4923-B196-E018B4899C83}.Release|Any CPU.ActiveCfg = Release|Any CPU
		{09705100-0D4B-4923-B196-E018B4899C83}.Release|Any CPU.Build.0 = Release|Any CPU
		{419E3CD2-C4FF-40A4-803F-4441087E8C92}.Debug|Any CPU.ActiveCfg = Debug|Any CPU
		{419E3CD2-C4FF-40A4-803F-4441087E8C92}.Debug|Any CPU.Build.0 = Debug|Any CPU
		{419E3CD2-C4FF-40A4-803F-4441087E8C92}.Release|Any CPU.ActiveCfg = Release|Any CPU
		{419E3CD2-C4FF-40A4-803F-4441087E8C92}.Release|Any CPU.Build.0 = Release|Any CPU
		{4055FDCB-8DDB-4BAA-8862-67057EEE3A18}.Debug|Any CPU.ActiveCfg = Debug|Any CPU
		{4055FDCB-8DDB-4BAA-8862-67057EEE3A18}.Debug|Any CPU.Build.0 = Debug|Any CPU
		{4055FDCB-8DDB-4BAA-8862-67057EEE3A18}.Release|Any CPU.ActiveCfg = Release|Any CPU
		{4055FDCB-8DDB-4BAA-8862-67057EEE3A18}.Release|Any CPU.Build.0 = Release|Any CPU
	EndGlobalSection
	GlobalSection(NestedProjects) = preSolution
		{09705100-0D4B-4923-B196-E018B4899C83} = {F3E40FA9-46FD-4636-B9E5-0A32C6CF0FCC}
		{419E3CD2-C4FF-40A4-803F-4441087E8C92} = {F3E40FA9-46FD-4636-B9E5-0A32C6CF0FCC}
		{4055FDCB-8DDB-4BAA-8862-67057EEE3A18} = {F3E40FA9-46FD-4636-B9E5-0A32C6CF0FCC}
	EndGlobalSection
EndGlobal
